proj_file_hash = "c42ede766146b7e3f466b5d73c847785"

[[dependencies]]
name = "binary-heap"
version = "0.2.1"
path = ".fixlang/deps/binary-heap_0.2.1"

[dependencies.git]
repo = "https://github.com/tttmmmyyyy/fixlang-binary-heap.git"
rev = "aa7af02bb6c93050ec05d3d80693c0a6568e309d"

[[dependencies]]
name = "bool-array"
version = "0.1.2"
path = ".fixlang/deps/bool-array_0.1.2"

[dependencies.git]
repo = "https://github.com/tttmmmyyyy/bool-array.git"
rev = "bcfbde58e945e302751d81b34068885e26f7e611"

[[dependencies]]
name = "cp-library"
version = "0.13.0"
path = ".fixlang/deps/cp-library_0.13.0"

[dependencies.git]
repo = "https://github.com/tttmmmyyyy/cp-library.git"
rev = "c1844719ad86e4224d207bb41a8064f6e5751231"

[[dependencies]]
name = "hash"
version = "1.1.2"
path = ".fixlang/deps/hash_1.1.2"

[dependencies.git]
repo = "https://github.com/tttmmmyyyy/fixlang-hash.git"
rev = "dbf95379b6ee7b26ec4858116f24c0251467cb83"

[[dependencies]]
name = "hashmap"
version = "2.0.1"
path = ".fixlang/deps/hashmap_2.0.1"

[dependencies.git]
repo = "https://github.com/tttmmmyyyy/fixlang-hashmap.git"
rev = "103595c593e92849be0b23df5cfee254da274a3e"

[[dependencies]]
name = "ring-buffer"
version = "0.1.2"
path = ".fixlang/deps/ring-buffer_0.1.2"

[dependencies.git]
repo = "https://github.com/tttmmmyyyy/ring-buffer.git"
rev = "fa520558c0ae040eff99896a743a0e2820748c5e"
