proj_file_hash = "f527e4245d7131547a229a1c5d430929"

[[dependencies]]
name = "cp-library"
version = "0.7.3"
path = ".fixlang/deps/cp-library_0.7.3"

[dependencies.git]
repo = "https://github.com/tttmmmyyyy/cp-library.git"
rev = "cd56abf1d4a7dc6c850ae37fad817c17ae72aa80"

[[dependencies]]
name = "random"
version = "1.1.1"
path = ".fixlang/deps/random_1.1.1"

[dependencies.git]
repo = "https://github.com/tttmmmyyyy/fixlang-random.git"
rev = "b4f83ee48564e714c0918513dd431f9135493dce"

[[dependencies]]
name = "binary-heap"
version = "0.2.0"
path = ".fixlang/deps/binary-heap_0.2.0"

[dependencies.git]
repo = "https://github.com/tttmmmyyyy/fixlang-binary-heap.git"
rev = "1ea2a2465fb42878fbace135fd7a30014b1cafab"

[[dependencies]]
name = "bool-array"
version = "0.1.1"
path = ".fixlang/deps/bool-array_0.1.1"

[dependencies.git]
repo = "https://github.com/tttmmmyyyy/bool-array.git"
rev = "608a7dfded55c6f9373347a5324c28f5ccfabbbf"

[[dependencies]]
name = "ring-buffer"
version = "0.1.1"
path = ".fixlang/deps/ring-buffer_0.1.1"

[dependencies.git]
repo = "https://github.com/tttmmmyyyy/ring-buffer.git"
rev = "78e543ca1eb24737659c47fa1253f0f4e92994bf"
