proj_file_hash = "7521fe2aa800bc8fa7223d8771b88ad4"

[[dependencies]]
name = "ez-scripting"
version = "0.2.0"
path = ".fixlang/deps/ez-scripting_0.2.0"

[dependencies.git]
repo = "https://github.com/tttmmmyyyy/ez_scripting.git"
rev = "359d00f71771250e7e964d866f8f919edc8be79d"

[[dependencies]]
name = "subprocess"
version = "1.0.6"
path = ".fixlang/deps/subprocess_1.0.6"

[dependencies.git]
repo = "https://github.com/tttmmmyyyy/fixlang-subprocess.git"
rev = "f7cf6914889bc8b2631462ca38c343d5deff779a"
