proj_file_hash = "dd4c31b54ea5f98bbce8ac38dfd8188c"

[[dependencies]]
name = "ez-scripting"
version = "0.2.0"
path = ".fixlang/deps/ez-scripting_0.2.0"

[dependencies.git]
repo = "https://github.com/tttmmmyyyy/ez_scripting.git"
rev = "359d00f71771250e7e964d866f8f919edc8be79d"

[[dependencies]]
name = "subprocess"
version = "1.1.2"
path = ".fixlang/deps/subprocess_1.1.2"

[dependencies.git]
repo = "https://github.com/tttmmmyyyy/fixlang-subprocess.git"
rev = "f3bf2fe37c8c79547afea487be8822fef64f14b8"
